
Microsoft Visual Studio Solution File, Format Version 12.00
# Visual Studio 14
VisualStudioVersion = 14.0.25420.1
MinimumVisualStudioVersion = 10.0.40219.1
Project("{FAE04EC0-301F-11D3-BF4B-00C04F79EFBC}") = "DailyDish.Portal", "DailyDish.Portal\DailyDish.Portal.csproj", "{9422D370-AEC8-4ABE-8645-E5ABCCEEDCC1}"
EndProject
Project("{FAE04EC0-301F-11D3-BF4B-00C04F79EFBC}") = "DailyDish.DB", "DailyDish.DB\DailyDish.DB.csproj", "{6877952E-C113-4795-BF5F-BD1B153DC13E}"
EndProject
Project("{FAE04EC0-301F-11D3-BF4B-00C04F79EFBC}") = "DailyDish.Wechat", "DailyDish.Wechat\DailyDish.Wechat.csproj", "{0174A4C0-BDFA-4C83-8C0F-B921C5E6BA78}"
EndProject
Global
	GlobalSection(SolutionConfigurationPlatforms) = preSolution
		Debug|Any CPU = Debug|Any CPU
		Release|Any CPU = Release|Any CPU
	EndGlobalSection
	GlobalSection(ProjectConfigurationPlatforms) = postSolution
		{9422D370-AEC8-4ABE-8645-E5ABCCEEDCC1}.Debug|Any CPU.ActiveCfg = Debug|Any CPU
		{9422D370-AEC8-4ABE-8645-E5ABCCEEDCC1}.Debug|Any CPU.Build.0 = Debug|Any CPU
		{9422D370-AEC8-4ABE-8645-E5ABCCEEDCC1}.Release|Any CPU.ActiveCfg = Release|Any CPU
		{9422D370-AEC8-4ABE-8645-E5ABCCEEDCC1}.Release|Any CPU.Build.0 = Release|Any CPU
		{6877952E-C113-4795-BF5F-BD1B153DC13E}.Debug|Any CPU.ActiveCfg = Debug|Any CPU
		{6877952E-C113-4795-BF5F-BD1B153DC13E}.Debug|Any CPU.Build.0 = Debug|Any CPU
		{6877952E-C113-4795-BF5F-BD1B153DC13E}.Release|Any CPU.ActiveCfg = Release|Any CPU
		{6877952E-C113-4795-BF5F-BD1B153DC13E}.Release|Any CPU.Build.0 = Release|Any CPU
		{0174A4C0-BDFA-4C83-8C0F-B921C5E6BA78}.Debug|Any CPU.ActiveCfg = Debug|Any CPU
		{0174A4C0-BDFA-4C83-8C0F-B921C5E6BA78}.Debug|Any CPU.Build.0 = Debug|Any CPU
		{0174A4C0-BDFA-4C83-8C0F-B921C5E6BA78}.Release|Any CPU.ActiveCfg = Release|Any CPU
		{0174A4C0-BDFA-4C83-8C0F-B921C5E6BA78}.Release|Any CPU.Build.0 = Release|Any CPU
	EndGlobalSection
	GlobalSection(SolutionProperties) = preSolution
		HideSolutionNode = FALSE
	EndGlobalSection
EndGlobal
